Microsoft Visual Studio Solution File, Format Version 12.00
# Visual Studio Version 17
VisualStudioVersion = 17.6.33723.286
MinimumVisualStudioVersion = 10.0.40219.1
Project("{9A19103F-16F7-4668-BE54-9A1E7A4F7556}") = "SlaveRebellionsImproved", "SlaveRebellionsImproved\SlaveRebellionsImproved.csproj", "{53FDB576-C378-4C1C-9A06-0E92846E6DEE}"
EndProject
Global
	GlobalSection(SolutionConfigurationPlatforms) = preSolution
		Debug|Any CPU = Debug|Any CPU
		Release|Any CPU = Release|Any CPU
	EndGlobalSection
	GlobalSection(ProjectConfigurationPlatforms) = postSolution
		{53FDB576-C378-4C1C-9A06-0E92846E6DEE}.Debug|Any CPU.ActiveCfg = Debug|Any CPU
		{53FDB576-C378-4C1C-9A06-0E92846E6DEE}.Debug|Any CPU.Build.0 = Debug|Any CPU
		{53FDB576-C378-4C1C-9A06-0E92846E6DEE}.Release|Any CPU.ActiveCfg = Release|Any CPU
		{53FDB576-C378-4C1C-9A06-0E92846E6DEE}.Release|Any CPU.Build.0 = Release|Any CPU
	EndGlobalSection
	GlobalSection(SolutionProperties) = preSolution
		HideSolutionNode = FALSE
	EndGlobalSection
	GlobalSection(ExtensibilityGlobals) = postSolution
		SolutionGuid = {ae854f6b-1ef9-4797-82de-860b990cc8b1}
	EndGlobalSection
EndGlobal
